
Microsoft Visual Studio Solution File, Format Version 12.00
# Visual Studio Version 16
VisualStudioVersion = 16.0.31702.278
MinimumVisualStudioVersion = 10.0.40219.1
Project("{FAE04EC0-301F-11D3-BF4B-00C04F79EFBC}") = "WindowsFormsApp3", "WindowsFormsApp3\WindowsFormsApp3.csproj", "{C8804D0B-974C-4660-BEC0-56B919A6F63B}"
EndProject
Global
	GlobalSection(SolutionConfigurationPlatforms) = preSolution
		Debug|Any CPU = Debug|Any CPU
		Release|Any CPU = Release|Any CPU
	EndGlobalSection
	GlobalSection(ProjectConfigurationPlatforms) = postSolution
		{C8804D0B-974C-4660-BEC0-56B919A6F63B}.Debug|Any CPU.ActiveCfg = Debug|Any CPU
		{C8804D0B-974C-4660-BEC0-56B919A6F63B}.Debug|Any CPU.Build.0 = Debug|Any CPU
		{C8804D0B-974C-4660-BEC0-56B919A6F63B}.Release|Any CPU.ActiveCfg = Release|Any CPU
		{C8804D0B-974C-4660-BEC0-56B919A6F63B}.Release|Any CPU.Build.0 = Release|Any CPU
	EndGlobalSection
	GlobalSection(SolutionProperties) = preSolution
		HideSolutionNode = FALSE
	EndGlobalSection
	GlobalSection(ExtensibilityGlobals) = postSolution
		SolutionGuid = {D25EB06C-DE04-4F22-B7A7-728C0D0CE685}
	EndGlobalSection
EndGlobal
